
Microsoft Visual Studio Solution File, Format Version 12.00
# Visual Studio Version 16
VisualStudioVersion = 16.0.30011.22
MinimumVisualStudioVersion = 10.0.40219.1
Project("{FAE04EC0-301F-11D3-BF4B-00C04F79EFBC}") = "SidGuidChange", "SidGuidChange\SidGuidChange.csproj", "{6EE6D555-5E4A-41DC-90BD-CB27C590DBF0}"
EndProject
Global
	GlobalSection(SolutionConfigurationPlatforms) = preSolution
		Debug|Any CPU = Debug|Any CPU
		Release|Any CPU = Release|Any CPU
	EndGlobalSection
	GlobalSection(ProjectConfigurationPlatforms) = postSolution
		{6EE6D555-5E4A-41DC-90BD-CB27C590DBF0}.Debug|Any CPU.ActiveCfg = Debug|Any CPU
		{6EE6D555-5E4A-41DC-90BD-CB27C590DBF0}.Debug|Any CPU.Build.0 = Debug|Any CPU
		{6EE6D555-5E4A-41DC-90BD-CB27C590DBF0}.Release|Any CPU.ActiveCfg = Release|Any CPU
		{6EE6D555-5E4A-41DC-90BD-CB27C590DBF0}.Release|Any CPU.Build.0 = Release|Any CPU
	EndGlobalSection
	GlobalSection(SolutionProperties) = preSolution
		HideSolutionNode = FALSE
	EndGlobalSection
	GlobalSection(ExtensibilityGlobals) = postSolution
		SolutionGuid = {A8898D6E-D2A2-4A1F-AD58-D2566B603270}
	EndGlobalSection
EndGlobal
